
Microsoft Visual Studio Solution File, Format Version 12.00
# Visual Studio Version 17
VisualStudioVersion = 17.5.33530.505
MinimumVisualStudioVersion = 10.0.40219.1
Project("{FAE04EC0-301F-11D3-BF4B-00C04F79EFBC}") = "Using_dll", "Using_dll\Using_dll.csproj", "{BC14F2A3-2E7D-4E13-A0EE-A7C93EFA40A8}"
EndProject
Project("{2150E333-8FDC-42A3-9474-1A3956D46DE8}") = "Элементы решения", "Элементы решения", "{D9509341-AEAE-4A5D-A290-D0DD8BE646B4}"
EndProject
Global
	GlobalSection(SolutionConfigurationPlatforms) = preSolution
		Debug|Any CPU = Debug|Any CPU
		Release|Any CPU = Release|Any CPU
	EndGlobalSection
	GlobalSection(ProjectConfigurationPlatforms) = postSolution
		{BC14F2A3-2E7D-4E13-A0EE-A7C93EFA40A8}.Debug|Any CPU.ActiveCfg = Debug|Any CPU
		{BC14F2A3-2E7D-4E13-A0EE-A7C93EFA40A8}.Debug|Any CPU.Build.0 = Debug|Any CPU
		{BC14F2A3-2E7D-4E13-A0EE-A7C93EFA40A8}.Release|Any CPU.ActiveCfg = Release|Any CPU
		{BC14F2A3-2E7D-4E13-A0EE-A7C93EFA40A8}.Release|Any CPU.Build.0 = Release|Any CPU
	EndGlobalSection
	GlobalSection(SolutionProperties) = preSolution
		HideSolutionNode = FALSE
	EndGlobalSection
	GlobalSection(ExtensibilityGlobals) = postSolution
		SolutionGuid = {188CEE10-FA87-447C-B7E4-AEFC645AB0DE}
	EndGlobalSection
EndGlobal
